
Microsoft Visual Studio Solution File, Format Version 12.00
# Visual Studio Version 17
VisualStudioVersion = 17.7.34221.43
MinimumVisualStudioVersion = 10.0.40219.1
Project("{FAE04EC0-301F-11D3-BF4B-00C04F79EFBC}") = "Exe File Enlarger", "Exe File Enlarger\Exe File Enlarger.csproj", "{56FBF9BE-F20D-4D46-B3AA-8D4248C60D2C}"
EndProject
Global
	GlobalSection(SolutionConfigurationPlatforms) = preSolution
		Debug|Any CPU = Debug|Any CPU
		Release|Any CPU = Release|Any CPU
	EndGlobalSection
	GlobalSection(ProjectConfigurationPlatforms) = postSolution
		{56FBF9BE-F20D-4D46-B3AA-8D4248C60D2C}.Debug|Any CPU.ActiveCfg = Debug|Any CPU
		{56FBF9BE-F20D-4D46-B3AA-8D4248C60D2C}.Debug|Any CPU.Build.0 = Debug|Any CPU
		{56FBF9BE-F20D-4D46-B3AA-8D4248C60D2C}.Release|Any CPU.ActiveCfg = Release|Any CPU
		{56FBF9BE-F20D-4D46-B3AA-8D4248C60D2C}.Release|Any CPU.Build.0 = Release|Any CPU
	EndGlobalSection
	GlobalSection(SolutionProperties) = preSolution
		HideSolutionNode = FALSE
	EndGlobalSection
	GlobalSection(ExtensibilityGlobals) = postSolution
		SolutionGuid = {6785C1F3-1EAC-4859-AC55-5ABFEA8EE35D}
	EndGlobalSection
EndGlobal
